
Microsoft Visual Studio Solution File, Format Version 12.00
# Visual Studio Version 16
VisualStudioVersion = 16.0.30114.105
MinimumVisualStudioVersion = 10.0.40219.1
Project("{2150E333-8FDC-42A3-9474-1A3956D46DE8}") = "src", "src", "{E20E9D68-30B9-47A4-BD7C-39CACE06B674}"
EndProject
Project("{FAE04EC0-301F-11D3-BF4B-00C04F79EFBC}") = "Xyaneon.Games.ConwaysGameOfLife.Core", "src\Xyaneon.Games.ConwaysGameOfLife.Core\Xyaneon.Games.ConwaysGameOfLife.Core.csproj", "{8481750A-02F8-4314-8279-09E3B4BA5C1E}"
EndProject
Project("{2150E333-8FDC-42A3-9474-1A3956D46DE8}") = "test", "test", "{524C6C29-5EC0-40BB-B6BD-6E929AB9CA04}"
EndProject
Project("{FAE04EC0-301F-11D3-BF4B-00C04F79EFBC}") = "Xyaneon.Games.ConwaysGameOfLife.Core.Test", "test\Xyaneon.Games.ConwaysGameOfLife.Core.Test\Xyaneon.Games.ConwaysGameOfLife.Core.Test.csproj", "{6F5813EE-A355-4C22-BAD4-FB324CB88CFA}"
EndProject
Project("{FAE04EC0-301F-11D3-BF4B-00C04F79EFBC}") = "Xyaneon.Games.ConwaysGameOfLife.CLI", "src\Xyaneon.Games.ConwaysGameOfLife.CLI\Xyaneon.Games.ConwaysGameOfLife.CLI.csproj", "{C8D19A2C-68E5-4DBB-B65B-9EC7273B76C7}"
EndProject
Project("{FAE04EC0-301F-11D3-BF4B-00C04F79EFBC}") = "Xyaneon.Games.ConwaysGameOfLife.FileIO", "src\Xyaneon.Games.ConwaysGameOfLife.FileIO\Xyaneon.Games.ConwaysGameOfLife.FileIO.csproj", "{0440C189-FAFE-4DED-AE83-038965FC0866}"
EndProject
Global
	GlobalSection(SolutionConfigurationPlatforms) = preSolution
		Debug|Any CPU = Debug|Any CPU
		Release|Any CPU = Release|Any CPU
	EndGlobalSection
	GlobalSection(SolutionProperties) = preSolution
		HideSolutionNode = FALSE
	EndGlobalSection
	GlobalSection(ProjectConfigurationPlatforms) = postSolution
		{8481750A-02F8-4314-8279-09E3B4BA5C1E}.Debug|Any CPU.ActiveCfg = Debug|Any CPU
		{8481750A-02F8-4314-8279-09E3B4BA5C1E}.Debug|Any CPU.Build.0 = Debug|Any CPU
		{8481750A-02F8-4314-8279-09E3B4BA5C1E}.Release|Any CPU.ActiveCfg = Release|Any CPU
		{8481750A-02F8-4314-8279-09E3B4BA5C1E}.Release|Any CPU.Build.0 = Release|Any CPU
		{6F5813EE-A355-4C22-BAD4-FB324CB88CFA}.Debug|Any CPU.ActiveCfg = Debug|Any CPU
		{6F5813EE-A355-4C22-BAD4-FB324CB88CFA}.Debug|Any CPU.Build.0 = Debug|Any CPU
		{6F5813EE-A355-4C22-BAD4-FB324CB88CFA}.Release|Any CPU.ActiveCfg = Release|Any CPU
		{6F5813EE-A355-4C22-BAD4-FB324CB88CFA}.Release|Any CPU.Build.0 = Release|Any CPU
		{C8D19A2C-68E5-4DBB-B65B-9EC7273B76C7}.Debug|Any CPU.ActiveCfg = Debug|Any CPU
		{C8D19A2C-68E5-4DBB-B65B-9EC7273B76C7}.Debug|Any CPU.Build.0 = Debug|Any CPU
		{C8D19A2C-68E5-4DBB-B65B-9EC7273B76C7}.Release|Any CPU.ActiveCfg = Release|Any CPU
		{C8D19A2C-68E5-4DBB-B65B-9EC7273B76C7}.Release|Any CPU.Build.0 = Release|Any CPU
		{0440C189-FAFE-4DED-AE83-038965FC0866}.Debug|Any CPU.ActiveCfg = Debug|Any CPU
		{0440C189-FAFE-4DED-AE83-038965FC0866}.Debug|Any CPU.Build.0 = Debug|Any CPU
		{0440C189-FAFE-4DED-AE83-038965FC0866}.Release|Any CPU.ActiveCfg = Release|Any CPU
		{0440C189-FAFE-4DED-AE83-038965FC0866}.Release|Any CPU.Build.0 = Release|Any CPU
	EndGlobalSection
	GlobalSection(NestedProjects) = preSolution
		{8481750A-02F8-4314-8279-09E3B4BA5C1E} = {E20E9D68-30B9-47A4-BD7C-39CACE06B674}
		{6F5813EE-A355-4C22-BAD4-FB324CB88CFA} = {524C6C29-5EC0-40BB-B6BD-6E929AB9CA04}
		{C8D19A2C-68E5-4DBB-B65B-9EC7273B76C7} = {E20E9D68-30B9-47A4-BD7C-39CACE06B674}
		{0440C189-FAFE-4DED-AE83-038965FC0866} = {E20E9D68-30B9-47A4-BD7C-39CACE06B674}
	EndGlobalSection
EndGlobal
